
Microsoft Visual Studio Solution File, Format Version 12.00
# Visual Studio Version 16
VisualStudioVersion = 16.0.31911.196
MinimumVisualStudioVersion = 10.0.40219.1
Project("{FAE04EC0-301F-11D3-BF4B-00C04F79EFBC}") = "ParcelaService", "ParcelaService\ParcelaService.csproj", "{0230280C-9ED5-41DA-9D0A-25BFC0FFE6C6}"
EndProject
Global
	GlobalSection(SolutionConfigurationPlatforms) = preSolution
		Debug|Any CPU = Debug|Any CPU
		Release|Any CPU = Release|Any CPU
	EndGlobalSection
	GlobalSection(ProjectConfigurationPlatforms) = postSolution
		{0230280C-9ED5-41DA-9D0A-25BFC0FFE6C6}.Debug|Any CPU.ActiveCfg = Debug|Any CPU
		{0230280C-9ED5-41DA-9D0A-25BFC0FFE6C6}.Debug|Any CPU.Build.0 = Debug|Any CPU
		{0230280C-9ED5-41DA-9D0A-25BFC0FFE6C6}.Release|Any CPU.ActiveCfg = Release|Any CPU
		{0230280C-9ED5-41DA-9D0A-25BFC0FFE6C6}.Release|Any CPU.Build.0 = Release|Any CPU
	EndGlobalSection
	GlobalSection(SolutionProperties) = preSolution
		HideSolutionNode = FALSE
	EndGlobalSection
	GlobalSection(ExtensibilityGlobals) = postSolution
		SolutionGuid = {AC1D413B-1D0C-4EC5-B122-AE606FF11BF7}
	EndGlobalSection
EndGlobal
