
Microsoft Visual Studio Solution File, Format Version 12.00
# Visual Studio Version 16
VisualStudioVersion = 16.0.31729.503
MinimumVisualStudioVersion = 10.0.40219.1
Project("{FAE04EC0-301F-11D3-BF4B-00C04F79EFBC}") = "licitacijaService", "licitacijaService\licitacijaService.csproj", "{4FDAD701-9596-4652-8D68-8D5A24377C1A}"
EndProject
Global
	GlobalSection(SolutionConfigurationPlatforms) = preSolution
		Debug|Any CPU = Debug|Any CPU
		Release|Any CPU = Release|Any CPU
	EndGlobalSection
	GlobalSection(ProjectConfigurationPlatforms) = postSolution
		{4FDAD701-9596-4652-8D68-8D5A24377C1A}.Debug|Any CPU.ActiveCfg = Debug|Any CPU
		{4FDAD701-9596-4652-8D68-8D5A24377C1A}.Debug|Any CPU.Build.0 = Debug|Any CPU
		{4FDAD701-9596-4652-8D68-8D5A24377C1A}.Release|Any CPU.ActiveCfg = Release|Any CPU
		{4FDAD701-9596-4652-8D68-8D5A24377C1A}.Release|Any CPU.Build.0 = Release|Any CPU
	EndGlobalSection
	GlobalSection(SolutionProperties) = preSolution
		HideSolutionNode = FALSE
	EndGlobalSection
	GlobalSection(ExtensibilityGlobals) = postSolution
		SolutionGuid = {F61E68EF-A564-4805-9734-2DEE8A0CC1C4}
	EndGlobalSection
EndGlobal
