
Microsoft Visual Studio Solution File, Format Version 12.00
# Visual Studio Version 16
VisualStudioVersion = 16.0.32126.315
MinimumVisualStudioVersion = 10.0.40219.1
Project("{FAE04EC0-301F-11D3-BF4B-00C04F79EFBC}") = "JavnoNadmetanje", "JavnoNadmetanje\JavnoNadmetanje.csproj", "{BE3C0E06-67F7-4815-9A7D-9F9C7E2B3162}"
EndProject
Global
	GlobalSection(SolutionConfigurationPlatforms) = preSolution
		Debug|Any CPU = Debug|Any CPU
		Release|Any CPU = Release|Any CPU
	EndGlobalSection
	GlobalSection(ProjectConfigurationPlatforms) = postSolution
		{BE3C0E06-67F7-4815-9A7D-9F9C7E2B3162}.Debug|Any CPU.ActiveCfg = Debug|Any CPU
		{BE3C0E06-67F7-4815-9A7D-9F9C7E2B3162}.Debug|Any CPU.Build.0 = Debug|Any CPU
		{BE3C0E06-67F7-4815-9A7D-9F9C7E2B3162}.Release|Any CPU.ActiveCfg = Release|Any CPU
		{BE3C0E06-67F7-4815-9A7D-9F9C7E2B3162}.Release|Any CPU.Build.0 = Release|Any CPU
	EndGlobalSection
	GlobalSection(SolutionProperties) = preSolution
		HideSolutionNode = FALSE
	EndGlobalSection
	GlobalSection(ExtensibilityGlobals) = postSolution
		SolutionGuid = {F32DEA16-D472-4D78-AA98-3F0E82899433}
	EndGlobalSection
EndGlobal
