
Microsoft Visual Studio Solution File, Format Version 12.00
# Visual Studio Version 16
VisualStudioVersion = 16.0.31911.196
MinimumVisualStudioVersion = 10.0.40219.1
Project("{FAE04EC0-301F-11D3-BF4B-00C04F79EFBC}") = "LoggerServis", "LoggerServis\LoggerServis.csproj", "{6834C40D-18AC-4723-9216-F934C5D2DC24}"
EndProject
Global
	GlobalSection(SolutionConfigurationPlatforms) = preSolution
		Debug|Any CPU = Debug|Any CPU
		Release|Any CPU = Release|Any CPU
	EndGlobalSection
	GlobalSection(ProjectConfigurationPlatforms) = postSolution
		{6834C40D-18AC-4723-9216-F934C5D2DC24}.Debug|Any CPU.ActiveCfg = Debug|Any CPU
		{6834C40D-18AC-4723-9216-F934C5D2DC24}.Debug|Any CPU.Build.0 = Debug|Any CPU
		{6834C40D-18AC-4723-9216-F934C5D2DC24}.Release|Any CPU.ActiveCfg = Release|Any CPU
		{6834C40D-18AC-4723-9216-F934C5D2DC24}.Release|Any CPU.Build.0 = Release|Any CPU
	EndGlobalSection
	GlobalSection(SolutionProperties) = preSolution
		HideSolutionNode = FALSE
	EndGlobalSection
	GlobalSection(ExtensibilityGlobals) = postSolution
		SolutionGuid = {47B2C374-9220-42AF-9286-413DCF65CBAC}
	EndGlobalSection
EndGlobal
